
Microsoft Visual Studio Solution File, Format Version 12.00
# Visual Studio 15
VisualStudioVersion = 15.0.27428.2015
MinimumVisualStudioVersion = 10.0.40219.1
Project("{FAE04EC0-301F-11D3-BF4B-00C04F79EFBC}") = "Elevator_v1._0", "Elevator_v1._0\Elevator_v1._0.csproj", "{9482B4A7-E774-41A3-905E-E591A8EAF1EA}"
EndProject
Global
	GlobalSection(SolutionConfigurationPlatforms) = preSolution
		Debug|Any CPU = Debug|Any CPU
		Release|Any CPU = Release|Any CPU
	EndGlobalSection
	GlobalSection(ProjectConfigurationPlatforms) = postSolution
		{9482B4A7-E774-41A3-905E-E591A8EAF1EA}.Debug|Any CPU.ActiveCfg = Debug|Any CPU
		{9482B4A7-E774-41A3-905E-E591A8EAF1EA}.Debug|Any CPU.Build.0 = Debug|Any CPU
		{9482B4A7-E774-41A3-905E-E591A8EAF1EA}.Release|Any CPU.ActiveCfg = Release|Any CPU
		{9482B4A7-E774-41A3-905E-E591A8EAF1EA}.Release|Any CPU.Build.0 = Release|Any CPU
	EndGlobalSection
	GlobalSection(SolutionProperties) = preSolution
		HideSolutionNode = FALSE
	EndGlobalSection
	GlobalSection(ExtensibilityGlobals) = postSolution
		SolutionGuid = {B49D6517-E66D-44CF-B0E2-343EEB6F763C}
	EndGlobalSection
EndGlobal
