
Microsoft Visual Studio Solution File, Format Version 12.00
# Visual Studio 15
VisualStudioVersion = 15.0.26430.16
MinimumVisualStudioVersion = 10.0.40219.1
Project("{8BC9CEB8-8B4A-11D0-8D11-00A0C91BC942}") = "for문", "for문\for문.vcxproj", "{5CEDBFF2-ECEE-45B6-822A-3A6A18EDF56A}"
EndProject
Global
	GlobalSection(SolutionConfigurationPlatforms) = preSolution
		Debug|x64 = Debug|x64
		Debug|x86 = Debug|x86
		Release|x64 = Release|x64
		Release|x86 = Release|x86
	EndGlobalSection
	GlobalSection(ProjectConfigurationPlatforms) = postSolution
		{5CEDBFF2-ECEE-45B6-822A-3A6A18EDF56A}.Debug|x64.ActiveCfg = Debug|x64
		{5CEDBFF2-ECEE-45B6-822A-3A6A18EDF56A}.Debug|x64.Build.0 = Debug|x64
		{5CEDBFF2-ECEE-45B6-822A-3A6A18EDF56A}.Debug|x86.ActiveCfg = Debug|Win32
		{5CEDBFF2-ECEE-45B6-822A-3A6A18EDF56A}.Debug|x86.Build.0 = Debug|Win32
		{5CEDBFF2-ECEE-45B6-822A-3A6A18EDF56A}.Release|x64.ActiveCfg = Release|x64
		{5CEDBFF2-ECEE-45B6-822A-3A6A18EDF56A}.Release|x64.Build.0 = Release|x64
		{5CEDBFF2-ECEE-45B6-822A-3A6A18EDF56A}.Release|x86.ActiveCfg = Release|Win32
		{5CEDBFF2-ECEE-45B6-822A-3A6A18EDF56A}.Release|x86.Build.0 = Release|Win32
	EndGlobalSection
	GlobalSection(SolutionProperties) = preSolution
		HideSolutionNode = FALSE
	EndGlobalSection
EndGlobal
